# This is a Gradle generated file for dependency locking.
# Manual edits can break the build and are not advised.
# This file is expected to be part of source control.
ch.qos.logback:logback-classic:1.3.16=ktlint
ch.qos.logback:logback-classic:1.5.26=runtimeClasspath,testRuntimeClasspath
ch.qos.logback:logback-core:1.3.16=ktlint
ch.qos.logback:logback-core:1.5.26=runtimeClasspath,testRuntimeClasspath
com.fasterxml.jackson.core:jackson-annotations:2.19.1=compileClasspath,testCompileClasspath
com.fasterxml.jackson.core:jackson-annotations:2.20=runtimeClasspath,testRuntimeClasspath
com.fasterxml.jackson.core:jackson-core:2.19.1=compileClasspath,runtimeClasspath,testCompileClasspath,testRuntimeClasspath
com.fasterxml.jackson.core:jackson-databind:2.19.1=compileClasspath,runtimeClasspath,testCompileClasspath,testRuntimeClasspath
com.fasterxml.jackson:jackson-bom:2.19.1=compileClasspath,runtimeClasspath,testCompileClasspath,testRuntimeClasspath
com.github.ajalt.clikt:clikt-jvm:5.0.3=ktlint
com.github.ajalt.clikt:clikt:5.0.3=ktlint
com.github.jnr:jffi:1.3.14=runtimeClasspath,testRuntimeClasspath
com.github.jnr:jnr-a64asm:1.0.0=runtimeClasspath,testRuntimeClasspath
com.github.jnr:jnr-constants:0.10.4=runtimeClasspath,testRuntimeClasspath
com.github.jnr:jnr-enxio:0.32.19=runtimeClasspath,testRuntimeClasspath
com.github.jnr:jnr-ffi:2.2.18=runtimeClasspath,testRuntimeClasspath
com.github.jnr:jnr-posix:3.1.21=runtimeClasspath,testRuntimeClasspath
com.github.jnr:jnr-unixsocket:0.38.24=runtimeClasspath,testRuntimeClasspath
com.github.jnr:jnr-x86asm:1.0.2=runtimeClasspath,testRuntimeClasspath
com.github.seratch:kotliquery:1.9.1=compileClasspath,runtimeClasspath,testCompileClasspath,testRuntimeClasspath
com.google.api-client:google-api-client:2.8.1=runtimeClasspath,testRuntimeClasspath
com.google.api:api-common:2.53.0=runtimeClasspath,testRuntimeClasspath
com.google.api:gax:2.73.0-rc1=runtimeClasspath,testRuntimeClasspath
com.google.apis:google-api-services-sqladmin:v1beta4-rev20251201-2.0.0=runtimeClasspath,testRuntimeClasspath
com.google.auth:google-auth-library-credentials:1.42.0-rc1=runtimeClasspath,testRuntimeClasspath
com.google.auth:google-auth-library-oauth2-http:1.42.0-rc1=runtimeClasspath,testRuntimeClasspath
com.google.auto.value:auto-value-annotations:1.11.0=runtimeClasspath,testRuntimeClasspath
com.google.cloud.sql:jdbc-socket-factory-core:1.28.0=runtimeClasspath,testRuntimeClasspath
com.google.cloud.sql:postgres-socket-factory:1.28.0=runtimeClasspath,testRuntimeClasspath
com.google.code.findbugs:jsr305:3.0.2=runtimeClasspath,testRuntimeClasspath
com.google.code.gson:gson:2.12.1=runtimeClasspath,testRuntimeClasspath
com.google.errorprone:error_prone_annotations:2.46.0=runtimeClasspath,testRuntimeClasspath
com.google.guava:failureaccess:1.0.3=runtimeClasspath,testRuntimeClasspath
com.google.guava:guava:33.5.0-jre=runtimeClasspath,testRuntimeClasspath
com.google.guava:listenablefuture:9999.0-empty-to-avoid-conflict-with-guava=runtimeClasspath,testRuntimeClasspath
com.google.http-client:google-http-client-apache-v2:2.0.0=runtimeClasspath,testRuntimeClasspath
com.google.http-client:google-http-client-gson:2.1.0-rc1=runtimeClasspath,testRuntimeClasspath
com.google.http-client:google-http-client:2.1.0-rc1=runtimeClasspath,testRuntimeClasspath
com.google.j2objc:j2objc-annotations:3.1=runtimeClasspath,testRuntimeClasspath
com.google.oauth-client:google-oauth-client:1.39.0=runtimeClasspath,testRuntimeClasspath
com.google.protobuf:protobuf-java-util:4.33.0=runtimeClasspath,testRuntimeClasspath
com.google.protobuf:protobuf-java:4.33.4=runtimeClasspath,testRuntimeClasspath
com.pinterest.ktlint:ktlint-cli-reporter-baseline:1.8.0=ktlint,ktlintBaselineReporter
com.pinterest.ktlint:ktlint-cli-reporter-checkstyle:1.8.0=ktlint
com.pinterest.ktlint:ktlint-cli-reporter-core:1.8.0=ktlint,ktlintBaselineReporter
com.pinterest.ktlint:ktlint-cli-reporter-format:1.8.0=ktlint
com.pinterest.ktlint:ktlint-cli-reporter-html:1.8.0=ktlint
com.pinterest.ktlint:ktlint-cli-reporter-json:1.8.0=ktlint
com.pinterest.ktlint:ktlint-cli-reporter-plain-summary:1.8.0=ktlint
com.pinterest.ktlint:ktlint-cli-reporter-plain:1.8.0=ktlint
com.pinterest.ktlint:ktlint-cli-reporter-sarif:1.8.0=ktlint
com.pinterest.ktlint:ktlint-cli-ruleset-core:1.8.0=ktlint,ktlintRuleset
com.pinterest.ktlint:ktlint-cli:1.8.0=ktlint
com.pinterest.ktlint:ktlint-logger:1.8.0=ktlint,ktlintBaselineReporter,ktlintRuleset
com.pinterest.ktlint:ktlint-rule-engine-core:1.8.0=ktlint,ktlintBaselineReporter,ktlintRuleset
com.pinterest.ktlint:ktlint-rule-engine:1.8.0=ktlint
com.pinterest.ktlint:ktlint-ruleset-standard:1.8.0=ktlint,ktlintRuleset
com.slack.api:slack-api-client:1.46.0=runtimeClasspath,testRuntimeClasspath
com.slack.api:slack-api-model:1.46.0=runtimeClasspath,testRuntimeClasspath
com.squareup.okhttp3:okhttp:4.12.0=runtimeClasspath,testRuntimeClasspath
com.squareup.okio:okio-jvm:3.6.0=runtimeClasspath,testRuntimeClasspath
com.squareup.okio:okio:3.6.0=runtimeClasspath,testRuntimeClasspath
com.zaxxer:HikariCP:7.0.2=compileClasspath,runtimeClasspath,testCompileClasspath,testRuntimeClasspath
commons-codec:commons-codec:1.17.1=runtimeClasspath,testRuntimeClasspath
commons-logging:commons-logging:1.2=runtimeClasspath,testRuntimeClasspath
dev.drewhamilton.poko:poko-annotations-jvm:0.20.1=ktlint,ktlintBaselineReporter,ktlintRuleset
dev.drewhamilton.poko:poko-annotations:0.20.1=ktlint,ktlintBaselineReporter,ktlintRuleset
dnsjava:dnsjava:3.6.3=runtimeClasspath,testRuntimeClasspath
io.arrow-kt:arrow-annotations-jvm:2.2.1.1=runtimeClasspath,testRuntimeClasspath
io.arrow-kt:arrow-annotations:2.2.1.1=runtimeClasspath,testRuntimeClasspath
io.arrow-kt:arrow-atomic-jvm:2.2.1.1=runtimeClasspath,testRuntimeClasspath
io.arrow-kt:arrow-atomic:2.2.1.1=runtimeClasspath,testRuntimeClasspath
io.arrow-kt:arrow-core-jvm:2.2.1.1=runtimeClasspath,testRuntimeClasspath
io.arrow-kt:arrow-core:2.2.1.1=runtimeClasspath,testRuntimeClasspath
io.arrow-kt:arrow-exception-utils-jvm:2.2.1.1=runtimeClasspath,testRuntimeClasspath
io.arrow-kt:arrow-exception-utils:2.2.1.1=runtimeClasspath,testRuntimeClasspath
io.dropwizard.metrics:metrics-core:4.2.38=runtimeClasspath,testRuntimeClasspath
io.dropwizard.metrics:metrics-healthchecks:4.2.38=runtimeClasspath,testRuntimeClasspath
io.github.detekt.sarif4k:sarif4k-jvm:0.6.0=ktlint,ktlintReporter
io.github.detekt.sarif4k:sarif4k:0.6.0=ktlint,ktlintReporter
io.github.java-diff-utils:java-diff-utils:4.12=kotlinInternalAbiValidation
io.github.oshai:kotlin-logging-jvm:7.0.13=ktlint,ktlintBaselineReporter,ktlintReporter,ktlintRuleset
io.github.oshai:kotlin-logging:5.1.0=ktlint,ktlintBaselineReporter,ktlintReporter
io.grpc:grpc-api:1.70.0=runtimeClasspath,testRuntimeClasspath
io.grpc:grpc-context:1.70.0=runtimeClasspath,testRuntimeClasspath
io.micrometer:micrometer-commons:1.16.2=compileClasspath,runtimeClasspath,testCompileClasspath,testRuntimeClasspath
io.micrometer:micrometer-core:1.16.2=compileClasspath,runtimeClasspath,testCompileClasspath,testRuntimeClasspath
io.micrometer:micrometer-observation:1.16.2=compileClasspath,runtimeClasspath,testCompileClasspath,testRuntimeClasspath
io.opencensus:opencensus-api:0.31.1=runtimeClasspath,testRuntimeClasspath
io.opencensus:opencensus-contrib-http-util:0.31.1=runtimeClasspath,testRuntimeClasspath
javax.annotation:javax.annotation-api:1.3.2=runtimeClasspath,testRuntimeClasspath
joda-time:joda-time:2.12.7=runtimeClasspath,testRuntimeClasspath
net.logstash.logback:logstash-logback-encoder:9.0=runtimeClasspath,testRuntimeClasspath
org.apache.httpcomponents:httpclient:4.5.14=runtimeClasspath,testRuntimeClasspath
org.apache.httpcomponents:httpcore:4.4.16=runtimeClasspath,testRuntimeClasspath
org.checkerframework:checker-qual:3.52.0=runtimeClasspath,testRuntimeClasspath
org.ec4j.core:ec4j-core:1.1.1=ktlint,ktlintBaselineReporter,ktlintRuleset
org.flywaydb:flyway-core:11.20.2=compileClasspath,runtimeClasspath,testCompileClasspath,testRuntimeClasspath
org.flywaydb:flyway-database-postgresql:11.20.2=compileClasspath,runtimeClasspath,testCompileClasspath,testRuntimeClasspath
org.hdrhistogram:HdrHistogram:2.2.2=runtimeClasspath,testRuntimeClasspath
org.jetbrains.kotlin:abi-tools-api:2.3.0=kotlinInternalAbiValidation
org.jetbrains.kotlin:abi-tools:2.3.0=kotlinInternalAbiValidation
org.jetbrains.kotlin:kotlin-build-tools-api:2.3.0=kotlinBuildToolsApiClasspath
org.jetbrains.kotlin:kotlin-build-tools-compat:2.3.0=kotlinBuildToolsApiClasspath
org.jetbrains.kotlin:kotlin-build-tools-impl:2.3.0=kotlinBuildToolsApiClasspath
org.jetbrains.kotlin:kotlin-compiler-embeddable:2.2.21=ktlint,ktlintBaselineReporter,ktlintRuleset
org.jetbrains.kotlin:kotlin-compiler-embeddable:2.3.0=kotlinBuildToolsApiClasspath,kotlinCompilerClasspath,kotlinKlibCommonizerClasspath
org.jetbrains.kotlin:kotlin-compiler-runner:2.3.0=kotlinBuildToolsApiClasspath
org.jetbrains.kotlin:kotlin-daemon-client:2.3.0=kotlinBuildToolsApiClasspath
org.jetbrains.kotlin:kotlin-daemon-embeddable:2.2.21=ktlint,ktlintBaselineReporter,ktlintRuleset
org.jetbrains.kotlin:kotlin-daemon-embeddable:2.3.0=kotlinBuildToolsApiClasspath,kotlinCompilerClasspath,kotlinKlibCommonizerClasspath
org.jetbrains.kotlin:kotlin-klib-abi-reader:2.3.0=kotlinInternalAbiValidation
org.jetbrains.kotlin:kotlin-klib-commonizer-embeddable:2.3.0=kotlinKlibCommonizerClasspath
org.jetbrains.kotlin:kotlin-metadata-jvm:2.3.0=kotlinInternalAbiValidation
org.jetbrains.kotlin:kotlin-reflect:1.6.10=kotlinBuildToolsApiClasspath,kotlinCompilerClasspath,kotlinKlibCommonizerClasspath,ktlint,ktlintBaselineReporter,ktlintRuleset
org.jetbrains.kotlin:kotlin-reflect:2.3.0=runtimeClasspath,testRuntimeClasspath
org.jetbrains.kotlin:kotlin-script-runtime:2.2.21=ktlint,ktlintBaselineReporter,ktlintRuleset
org.jetbrains.kotlin:kotlin-script-runtime:2.3.0=kotlinBuildToolsApiClasspath,kotlinCompilerClasspath,kotlinCompilerPluginClasspathMain,kotlinCompilerPluginClasspathTest,kotlinKlibCommonizerClasspath
org.jetbrains.kotlin:kotlin-scripting-common:2.3.0=kotlinCompilerPluginClasspathMain,kotlinCompilerPluginClasspathTest
org.jetbrains.kotlin:kotlin-scripting-compiler-embeddable:2.3.0=kotlinCompilerPluginClasspathMain,kotlinCompilerPluginClasspathTest
org.jetbrains.kotlin:kotlin-scripting-compiler-impl-embeddable:2.3.0=kotlinCompilerPluginClasspathMain,kotlinCompilerPluginClasspathTest
org.jetbrains.kotlin:kotlin-scripting-jvm:2.3.0=kotlinCompilerPluginClasspathMain,kotlinCompilerPluginClasspathTest
org.jetbrains.kotlin:kotlin-serialization-compiler-plugin-embeddable:2.3.0=kotlinCompilerPluginClasspathMain,kotlinCompilerPluginClasspathTest
org.jetbrains.kotlin:kotlin-stdlib-common:2.2.21=ktlintReporter
org.jetbrains.kotlin:kotlin-stdlib-common:2.3.0=runtimeClasspath,testRuntimeClasspath
org.jetbrains.kotlin:kotlin-stdlib-jdk7:1.8.0=ktlintReporter
org.jetbrains.kotlin:kotlin-stdlib-jdk7:1.9.10=runtimeClasspath,testRuntimeClasspath
org.jetbrains.kotlin:kotlin-stdlib-jdk8:1.8.0=ktlintReporter
org.jetbrains.kotlin:kotlin-stdlib-jdk8:1.9.10=runtimeClasspath,testRuntimeClasspath
org.jetbrains.kotlin:kotlin-stdlib:2.2.21=ktlint,ktlintBaselineReporter,ktlintReporter,ktlintRuleset
org.jetbrains.kotlin:kotlin-stdlib:2.3.0=compileClasspath,kotlinBuildToolsApiClasspath,kotlinCompilerClasspath,kotlinCompilerPluginClasspathMain,kotlinCompilerPluginClasspathTest,kotlinInternalAbiValidation,kotlinKlibCommonizerClasspath,runtimeClasspath,testCompileClasspath,testRuntimeClasspath
org.jetbrains.kotlin:kotlin-tooling-core:2.3.0=kotlinBuildToolsApiClasspath
org.jetbrains.kotlinx:kotlinx-coroutines-bom:1.10.2=runtimeClasspath,testRuntimeClasspath
org.jetbrains.kotlinx:kotlinx-coroutines-core-jvm:1.10.2=runtimeClasspath,testRuntimeClasspath
org.jetbrains.kotlinx:kotlinx-coroutines-core-jvm:1.8.0=kotlinBuildToolsApiClasspath,kotlinCompilerClasspath,kotlinKlibCommonizerClasspath,ktlint,ktlintBaselineReporter,ktlintRuleset
org.jetbrains.kotlinx:kotlinx-coroutines-core:1.10.2=runtimeClasspath,testRuntimeClasspath
org.jetbrains.kotlinx:kotlinx-serialization-bom:1.10.0=runtimeClasspath,testRuntimeClasspath
org.jetbrains.kotlinx:kotlinx-serialization-core-jvm:1.10.0=runtimeClasspath,testRuntimeClasspath
org.jetbrains.kotlinx:kotlinx-serialization-core-jvm:1.4.1=ktlintReporter
org.jetbrains.kotlinx:kotlinx-serialization-core:1.10.0=runtimeClasspath,testRuntimeClasspath
org.jetbrains.kotlinx:kotlinx-serialization-core:1.4.1=ktlintReporter
org.jetbrains.kotlinx:kotlinx-serialization-json-jvm:1.10.0=runtimeClasspath,testRuntimeClasspath
org.jetbrains.kotlinx:kotlinx-serialization-json-jvm:1.4.1=ktlintReporter
org.jetbrains.kotlinx:kotlinx-serialization-json:1.10.0=runtimeClasspath,testRuntimeClasspath
org.jetbrains.kotlinx:kotlinx-serialization-json:1.4.1=ktlintReporter
org.jetbrains:annotations:13.0=compileClasspath,kotlinBuildToolsApiClasspath,kotlinCompilerClasspath,kotlinCompilerPluginClasspathMain,kotlinCompilerPluginClasspathTest,kotlinInternalAbiValidation,kotlinKlibCommonizerClasspath,ktlint,ktlintBaselineReporter,ktlintReporter,ktlintRuleset,testCompileClasspath
org.jetbrains:annotations:23.0.0=runtimeClasspath,testRuntimeClasspath
org.jspecify:jspecify:1.0.0=compileClasspath,runtimeClasspath,testCompileClasspath,testRuntimeClasspath
org.latencyutils:LatencyUtils:2.0.3=runtimeClasspath,testRuntimeClasspath
org.ow2.asm:asm-analysis:9.7.1=runtimeClasspath,testRuntimeClasspath
org.ow2.asm:asm-commons:9.7.1=runtimeClasspath,testRuntimeClasspath
org.ow2.asm:asm-tree:9.7.1=runtimeClasspath,testRuntimeClasspath
org.ow2.asm:asm-util:9.7.1=runtimeClasspath,testRuntimeClasspath
org.ow2.asm:asm:9.7.1=runtimeClasspath,testRuntimeClasspath
org.postgresql:postgresql:42.7.9=compileClasspath,runtimeClasspath,testCompileClasspath,testRuntimeClasspath
org.slf4j:slf4j-api:2.0.17=compileClasspath,runtimeClasspath,testCompileClasspath,testRuntimeClasspath
org.slf4j:slf4j-api:2.0.7=ktlint
tools.jackson.core:jackson-core:3.0.1=runtimeClasspath,testRuntimeClasspath
tools.jackson.core:jackson-databind:3.0.1=runtimeClasspath,testRuntimeClasspath
tools.jackson:jackson-bom:3.0.1=runtimeClasspath,testRuntimeClasspath
empty=annotationProcessor,implementationDependenciesMetadata,kotlinCompilerPluginClasspath,kotlinNativeCompilerPluginClasspath,kotlinScriptDefExtensions,testAnnotationProcessor,testImplementationDependenciesMetadata,testKotlinScriptDefExtensions
