# This is a Gradle generated file for dependency locking.
# Manual edits can break the build and are not advised.
# This file is expected to be part of source control.
ch.qos.logback:logback-classic:1.3.15=ktlint
ch.qos.logback:logback-classic:1.5.18=testRuntimeClasspath
ch.qos.logback:logback-core:1.3.15=ktlint
ch.qos.logback:logback-core:1.5.18=testRuntimeClasspath
com.fasterxml.jackson.core:jackson-annotations:2.19.1=compileClasspath,testCompileClasspath,testRuntimeClasspath
com.fasterxml.jackson.core:jackson-core:2.19.1=compileClasspath,testCompileClasspath,testRuntimeClasspath
com.fasterxml.jackson.core:jackson-databind:2.19.1=compileClasspath,testCompileClasspath,testRuntimeClasspath
com.fasterxml.jackson:jackson-bom:2.19.1=compileClasspath,testCompileClasspath,testRuntimeClasspath
com.github.ajalt.clikt:clikt-jvm:5.0.3=ktlint
com.github.ajalt.clikt:clikt:5.0.3=ktlint
com.github.jnr:jffi:1.3.13=testRuntimeClasspath
com.github.jnr:jnr-a64asm:1.0.0=testRuntimeClasspath
com.github.jnr:jnr-constants:0.10.4=testRuntimeClasspath
com.github.jnr:jnr-enxio:0.32.18=testRuntimeClasspath
com.github.jnr:jnr-ffi:2.2.17=testRuntimeClasspath
com.github.jnr:jnr-posix:3.1.20=testRuntimeClasspath
com.github.jnr:jnr-unixsocket:0.38.23=testRuntimeClasspath
com.github.jnr:jnr-x86asm:1.0.2=testRuntimeClasspath
com.github.seratch:kotliquery:1.9.1=compileClasspath,testCompileClasspath,testRuntimeClasspath
com.google.api-client:google-api-client:2.8.0=testRuntimeClasspath
com.google.api:gax:2.68.1=testRuntimeClasspath
com.google.apis:google-api-services-sqladmin:v1beta4-rev20250613-2.0.0=testRuntimeClasspath
com.google.auth:google-auth-library-credentials:1.37.1=testRuntimeClasspath
com.google.auth:google-auth-library-oauth2-http:1.37.1=testRuntimeClasspath
com.google.auto.value:auto-value-annotations:1.11.0=testRuntimeClasspath
com.google.cloud.sql:jdbc-socket-factory-core:1.25.2=testRuntimeClasspath
com.google.cloud.sql:postgres-socket-factory:1.25.2=testRuntimeClasspath
com.google.code.findbugs:jsr305:3.0.2=testRuntimeClasspath
com.google.code.gson:gson:2.12.1=testRuntimeClasspath
com.google.errorprone:error_prone_annotations:2.40.0=testRuntimeClasspath
com.google.guava:failureaccess:1.0.3=testRuntimeClasspath
com.google.guava:guava:33.4.8-android=testRuntimeClasspath
com.google.guava:listenablefuture:9999.0-empty-to-avoid-conflict-with-guava=testRuntimeClasspath
com.google.http-client:google-http-client-apache-v2:1.47.0=testRuntimeClasspath
com.google.http-client:google-http-client-gson:1.47.1=testRuntimeClasspath
com.google.http-client:google-http-client:1.47.1=testRuntimeClasspath
com.google.j2objc:j2objc-annotations:3.0.0=testRuntimeClasspath
com.google.oauth-client:google-oauth-client:1.39.0=testRuntimeClasspath
com.google.protobuf:protobuf-java-util:3.25.8=testRuntimeClasspath
com.papertrailapp:logback-syslog4j:1.0.0=testRuntimeClasspath
com.pinterest.ktlint:ktlint-cli-reporter-baseline:1.7.1=ktlint
com.pinterest.ktlint:ktlint-cli-reporter-checkstyle:1.7.1=ktlint
com.pinterest.ktlint:ktlint-cli-reporter-core:1.7.1=ktlint
com.pinterest.ktlint:ktlint-cli-reporter-format:1.7.1=ktlint
com.pinterest.ktlint:ktlint-cli-reporter-html:1.7.1=ktlint
com.pinterest.ktlint:ktlint-cli-reporter-json:1.7.1=ktlint
com.pinterest.ktlint:ktlint-cli-reporter-plain-summary:1.7.1=ktlint
com.pinterest.ktlint:ktlint-cli-reporter-plain:1.7.1=ktlint
com.pinterest.ktlint:ktlint-cli-reporter-sarif:1.7.1=ktlint
com.pinterest.ktlint:ktlint-cli-ruleset-core:1.7.1=ktlint,ktlintRuleset
com.pinterest.ktlint:ktlint-cli:1.7.1=ktlint
com.pinterest.ktlint:ktlint-logger:1.7.1=ktlint,ktlintRuleset
com.pinterest.ktlint:ktlint-rule-engine-core:1.7.1=ktlint,ktlintRuleset
com.pinterest.ktlint:ktlint-rule-engine:1.7.1=ktlint
com.pinterest.ktlint:ktlint-ruleset-standard:1.7.1=ktlint,ktlintRuleset
com.slack.api:slack-api-client:1.45.3=testRuntimeClasspath
com.slack.api:slack-api-model:1.45.3=testRuntimeClasspath
com.squareup.okhttp3:okhttp:4.12.0=testRuntimeClasspath
com.squareup.okio:okio-jvm:3.6.0=testRuntimeClasspath
com.squareup.okio:okio:3.6.0=testRuntimeClasspath
com.zaxxer:HikariCP:7.0.1=compileClasspath,testCompileClasspath,testRuntimeClasspath
commons-codec:commons-codec:1.17.1=testRuntimeClasspath
commons-logging:commons-logging:1.2=testRuntimeClasspath
dev.drewhamilton.poko:poko-annotations-jvm:0.19.1=ktlint,ktlintRuleset
dev.drewhamilton.poko:poko-annotations:0.19.1=ktlint,ktlintRuleset
io.arrow-kt:arrow-annotations-jvm:2.1.2=testRuntimeClasspath
io.arrow-kt:arrow-annotations:2.1.2=testRuntimeClasspath
io.arrow-kt:arrow-atomic-jvm:2.1.2=testRuntimeClasspath
io.arrow-kt:arrow-atomic:2.1.2=testRuntimeClasspath
io.arrow-kt:arrow-core-jvm:2.1.2=testRuntimeClasspath
io.arrow-kt:arrow-core:2.1.2=testRuntimeClasspath
io.dropwizard.metrics:metrics-core:4.2.33=testRuntimeClasspath
io.dropwizard.metrics:metrics-healthchecks:4.2.33=testRuntimeClasspath
io.github.detekt.sarif4k:sarif4k-jvm:0.6.0=ktlint,ktlintReporter
io.github.detekt.sarif4k:sarif4k:0.6.0=ktlint,ktlintReporter
io.github.oshai:kotlin-logging-jvm:7.0.7=ktlint,ktlintReporter,ktlintRuleset
io.github.oshai:kotlin-logging:5.1.0=ktlint,ktlintReporter
io.grpc:grpc-api:1.70.0=testRuntimeClasspath
io.grpc:grpc-context:1.70.0=testRuntimeClasspath
io.micrometer:micrometer-commons:1.15.2=compileClasspath,testCompileClasspath,testRuntimeClasspath
io.micrometer:micrometer-core:1.15.2=compileClasspath,testCompileClasspath,testRuntimeClasspath
io.micrometer:micrometer-observation:1.15.2=compileClasspath,testCompileClasspath,testRuntimeClasspath
io.opencensus:opencensus-api:0.31.1=testRuntimeClasspath
io.opencensus:opencensus-contrib-http-util:0.31.1=testRuntimeClasspath
io.prometheus:simpleclient:0.16.0=testRuntimeClasspath
io.prometheus:simpleclient_logback:0.16.0=testRuntimeClasspath
io.prometheus:simpleclient_tracer_common:0.16.0=testRuntimeClasspath
io.prometheus:simpleclient_tracer_otel:0.16.0=testRuntimeClasspath
io.prometheus:simpleclient_tracer_otel_agent:0.16.0=testRuntimeClasspath
joda-time:joda-time:2.12.7=testRuntimeClasspath
net.logstash.logback:logstash-logback-encoder:8.1=testRuntimeClasspath
no.nav.common:log:3.2025.06.23_14.50-3af3985d8555=testRuntimeClasspath
no.nav.common:util:3.2025.06.23_14.50-3af3985d8555=testRuntimeClasspath
org.apache.httpcomponents:httpclient:4.5.14=testRuntimeClasspath
org.apache.httpcomponents:httpcore:4.4.16=testRuntimeClasspath
org.checkerframework:checker-qual:3.49.3=testRuntimeClasspath
org.codehaus.janino:commons-compiler:3.1.12=testRuntimeClasspath
org.codehaus.janino:janino:3.1.12=testRuntimeClasspath
org.ec4j.core:ec4j-core:1.1.1=ktlint,ktlintRuleset
org.flywaydb:flyway-core:11.11.0=compileClasspath,testCompileClasspath,testRuntimeClasspath
org.flywaydb:flyway-database-postgresql:11.11.0=compileClasspath,testCompileClasspath,testRuntimeClasspath
org.hdrhistogram:HdrHistogram:2.2.2=testRuntimeClasspath
org.jetbrains.kotlin:kotlin-build-tools-api:2.2.0=kotlinBuildToolsApiClasspath
org.jetbrains.kotlin:kotlin-build-tools-impl:2.2.0=kotlinBuildToolsApiClasspath
org.jetbrains.kotlin:kotlin-compiler-embeddable:2.2.0=kotlinBuildToolsApiClasspath,kotlinCompilerClasspath,ktlint,ktlintRuleset
org.jetbrains.kotlin:kotlin-compiler-runner:2.2.0=kotlinBuildToolsApiClasspath
org.jetbrains.kotlin:kotlin-daemon-client:2.2.0=kotlinBuildToolsApiClasspath
org.jetbrains.kotlin:kotlin-daemon-embeddable:2.2.0=kotlinBuildToolsApiClasspath,kotlinCompilerClasspath,ktlint,ktlintRuleset
org.jetbrains.kotlin:kotlin-reflect:1.6.10=kotlinBuildToolsApiClasspath,kotlinCompilerClasspath,ktlint,ktlintRuleset
org.jetbrains.kotlin:kotlin-reflect:2.2.0=testRuntimeClasspath
org.jetbrains.kotlin:kotlin-script-runtime:2.2.0=kotlinBuildToolsApiClasspath,kotlinCompilerClasspath,kotlinCompilerPluginClasspathMain,kotlinCompilerPluginClasspathTest,ktlint,ktlintRuleset
org.jetbrains.kotlin:kotlin-scripting-common:2.2.0=kotlinBuildToolsApiClasspath,kotlinCompilerPluginClasspathMain,kotlinCompilerPluginClasspathTest
org.jetbrains.kotlin:kotlin-scripting-compiler-embeddable:2.2.0=kotlinBuildToolsApiClasspath,kotlinCompilerPluginClasspathMain,kotlinCompilerPluginClasspathTest
org.jetbrains.kotlin:kotlin-scripting-compiler-impl-embeddable:2.2.0=kotlinBuildToolsApiClasspath,kotlinCompilerPluginClasspathMain,kotlinCompilerPluginClasspathTest
org.jetbrains.kotlin:kotlin-scripting-jvm:2.2.0=kotlinBuildToolsApiClasspath,kotlinCompilerPluginClasspathMain,kotlinCompilerPluginClasspathTest
org.jetbrains.kotlin:kotlin-serialization-compiler-plugin-embeddable:2.2.0=kotlinCompilerPluginClasspathMain,kotlinCompilerPluginClasspathTest
org.jetbrains.kotlin:kotlin-stdlib-common:2.2.0=ktlintReporter,testRuntimeClasspath
org.jetbrains.kotlin:kotlin-stdlib-jdk7:1.8.0=ktlintReporter
org.jetbrains.kotlin:kotlin-stdlib-jdk7:1.9.10=testRuntimeClasspath
org.jetbrains.kotlin:kotlin-stdlib-jdk8:1.8.0=ktlintReporter
org.jetbrains.kotlin:kotlin-stdlib-jdk8:1.9.10=testRuntimeClasspath
org.jetbrains.kotlin:kotlin-stdlib:2.2.0=compileClasspath,kotlinBuildToolsApiClasspath,kotlinCompilerClasspath,kotlinCompilerPluginClasspathMain,kotlinCompilerPluginClasspathTest,ktlint,ktlintReporter,ktlintRuleset,testCompileClasspath,testRuntimeClasspath
org.jetbrains.kotlinx:kotlinx-coroutines-bom:1.10.2=testRuntimeClasspath
org.jetbrains.kotlinx:kotlinx-coroutines-core-jvm:1.10.2=testRuntimeClasspath
org.jetbrains.kotlinx:kotlinx-coroutines-core-jvm:1.8.0=kotlinBuildToolsApiClasspath,kotlinCompilerClasspath,ktlint,ktlintRuleset
org.jetbrains.kotlinx:kotlinx-coroutines-core:1.10.2=testRuntimeClasspath
org.jetbrains.kotlinx:kotlinx-serialization-bom:1.9.0=testRuntimeClasspath
org.jetbrains.kotlinx:kotlinx-serialization-core-jvm:1.4.1=ktlintReporter
org.jetbrains.kotlinx:kotlinx-serialization-core-jvm:1.9.0=testRuntimeClasspath
org.jetbrains.kotlinx:kotlinx-serialization-core:1.4.1=ktlintReporter
org.jetbrains.kotlinx:kotlinx-serialization-core:1.9.0=testRuntimeClasspath
org.jetbrains.kotlinx:kotlinx-serialization-json-jvm:1.4.1=ktlintReporter
org.jetbrains.kotlinx:kotlinx-serialization-json-jvm:1.9.0=testRuntimeClasspath
org.jetbrains.kotlinx:kotlinx-serialization-json:1.4.1=ktlintReporter
org.jetbrains.kotlinx:kotlinx-serialization-json:1.9.0=testRuntimeClasspath
org.jetbrains:annotations:13.0=compileClasspath,kotlinBuildToolsApiClasspath,kotlinCompilerClasspath,kotlinCompilerPluginClasspathMain,kotlinCompilerPluginClasspathTest,ktlint,ktlintReporter,ktlintRuleset,testCompileClasspath
org.jetbrains:annotations:23.0.0=testRuntimeClasspath
org.jspecify:jspecify:1.0.0=testRuntimeClasspath
org.latencyutils:LatencyUtils:2.0.3=testRuntimeClasspath
org.ow2.asm:asm-analysis:9.7.1=testRuntimeClasspath
org.ow2.asm:asm-commons:9.7.1=testRuntimeClasspath
org.ow2.asm:asm-tree:9.7.1=testRuntimeClasspath
org.ow2.asm:asm-util:9.7.1=testRuntimeClasspath
org.ow2.asm:asm:9.7.1=testRuntimeClasspath
org.postgresql:postgresql:42.7.7=compileClasspath,testCompileClasspath,testRuntimeClasspath
org.slf4j:jcl-over-slf4j:2.0.13=testRuntimeClasspath
org.slf4j:slf4j-api:2.0.17=compileClasspath,testCompileClasspath,testRuntimeClasspath
org.slf4j:slf4j-api:2.0.7=ktlint
org.syslog4j:syslog4j:0.9.30=testRuntimeClasspath
empty=annotationProcessor,kotlinScriptDefExtensions,testAnnotationProcessor,testKotlinScriptDefExtensions
