# This is a Gradle generated file for dependency locking.
# Manual edits can break the build and are not advised.
# This file is expected to be part of source control.
ch.qos.logback:logback-classic:1.3.15=ktlint
ch.qos.logback:logback-core:1.3.15=ktlint
com.github.ajalt.clikt:clikt-jvm:5.0.3=ktlint
com.github.ajalt.clikt:clikt:5.0.3=ktlint
com.github.ajalt:colormath:1.2.0=testCompileClasspath,testRuntimeClasspath
com.github.ajalt:mordant:1.2.1=testCompileClasspath,testRuntimeClasspath
com.pinterest.ktlint:ktlint-cli-reporter-baseline:1.7.1=ktlint
com.pinterest.ktlint:ktlint-cli-reporter-checkstyle:1.7.1=ktlint
com.pinterest.ktlint:ktlint-cli-reporter-core:1.7.1=ktlint
com.pinterest.ktlint:ktlint-cli-reporter-format:1.7.1=ktlint
com.pinterest.ktlint:ktlint-cli-reporter-html:1.7.1=ktlint
com.pinterest.ktlint:ktlint-cli-reporter-json:1.7.1=ktlint
com.pinterest.ktlint:ktlint-cli-reporter-plain-summary:1.7.1=ktlint
com.pinterest.ktlint:ktlint-cli-reporter-plain:1.7.1=ktlint
com.pinterest.ktlint:ktlint-cli-reporter-sarif:1.7.1=ktlint
com.pinterest.ktlint:ktlint-cli-ruleset-core:1.7.1=ktlint,ktlintRuleset
com.pinterest.ktlint:ktlint-cli:1.7.1=ktlint
com.pinterest.ktlint:ktlint-logger:1.7.1=ktlint,ktlintRuleset
com.pinterest.ktlint:ktlint-rule-engine-core:1.7.1=ktlint,ktlintRuleset
com.pinterest.ktlint:ktlint-rule-engine:1.7.1=ktlint
com.pinterest.ktlint:ktlint-ruleset-standard:1.7.1=ktlint,ktlintRuleset
dev.drewhamilton.poko:poko-annotations-jvm:0.19.1=ktlint,ktlintRuleset
dev.drewhamilton.poko:poko-annotations:0.19.1=ktlint,ktlintRuleset
io.github.classgraph:classgraph:4.8.172=testCompileClasspath,testRuntimeClasspath
io.github.detekt.sarif4k:sarif4k-jvm:0.6.0=ktlint,ktlintReporter
io.github.detekt.sarif4k:sarif4k:0.6.0=ktlint,ktlintReporter
io.github.java-diff-utils:java-diff-utils:4.12=testRuntimeClasspath
io.github.oshai:kotlin-logging-jvm:7.0.7=ktlint,ktlintReporter,ktlintRuleset
io.github.oshai:kotlin-logging:5.1.0=ktlint,ktlintReporter
io.kotest:kotest-assertions-api-jvm:5.9.1=testCompileClasspath,testRuntimeClasspath
io.kotest:kotest-assertions-api:5.9.1=testCompileClasspath,testRuntimeClasspath
io.kotest:kotest-assertions-core-jvm:5.9.1=testCompileClasspath,testRuntimeClasspath
io.kotest:kotest-assertions-core:5.9.1=testCompileClasspath,testRuntimeClasspath
io.kotest:kotest-assertions-shared-jvm:5.9.1=testCompileClasspath,testRuntimeClasspath
io.kotest:kotest-assertions-shared:5.9.1=testCompileClasspath,testRuntimeClasspath
io.kotest:kotest-common-jvm:5.9.1=testCompileClasspath,testRuntimeClasspath
io.kotest:kotest-common:5.9.1=testCompileClasspath,testRuntimeClasspath
io.kotest:kotest-extensions-jvm:5.9.1=testCompileClasspath,testRuntimeClasspath
io.kotest:kotest-extensions:5.9.1=testCompileClasspath,testRuntimeClasspath
io.kotest:kotest-framework-api-jvm:5.9.1=testCompileClasspath,testRuntimeClasspath
io.kotest:kotest-framework-api:5.9.1=testCompileClasspath,testRuntimeClasspath
io.kotest:kotest-framework-concurrency-jvm:5.9.1=testCompileClasspath,testRuntimeClasspath
io.kotest:kotest-framework-concurrency:5.9.1=testCompileClasspath,testRuntimeClasspath
io.kotest:kotest-framework-discovery-jvm:5.9.1=testCompileClasspath,testRuntimeClasspath
io.kotest:kotest-framework-discovery:5.9.1=testCompileClasspath,testRuntimeClasspath
io.kotest:kotest-framework-engine-jvm:5.9.1=testCompileClasspath,testRuntimeClasspath
io.kotest:kotest-framework-engine:5.9.1=testCompileClasspath,testRuntimeClasspath
io.kotest:kotest-runner-junit5-jvm:5.9.1=testCompileClasspath,testRuntimeClasspath
io.kotest:kotest-runner-junit5:5.9.1=testCompileClasspath,testRuntimeClasspath
io.ktor:ktor-client-cio-jvm:3.2.3=compileClasspath,testCompileClasspath,testRuntimeClasspath
io.ktor:ktor-client-cio:3.2.3=compileClasspath,testCompileClasspath,testRuntimeClasspath
io.ktor:ktor-client-content-negotiation-jvm:3.2.3=compileClasspath,testCompileClasspath,testRuntimeClasspath
io.ktor:ktor-client-content-negotiation:3.2.3=compileClasspath,testCompileClasspath,testRuntimeClasspath
io.ktor:ktor-client-core-jvm:3.2.3=compileClasspath,testCompileClasspath,testRuntimeClasspath
io.ktor:ktor-client-core:3.2.3=compileClasspath,testCompileClasspath,testRuntimeClasspath
io.ktor:ktor-client-logging-jvm:3.2.3=compileClasspath,testCompileClasspath,testRuntimeClasspath
io.ktor:ktor-client-logging:3.2.3=compileClasspath,testCompileClasspath,testRuntimeClasspath
io.ktor:ktor-client-mock-jvm:3.2.3=testCompileClasspath,testRuntimeClasspath
io.ktor:ktor-client-mock:3.2.3=testCompileClasspath,testRuntimeClasspath
io.ktor:ktor-events-jvm:3.2.3=compileClasspath,testCompileClasspath,testRuntimeClasspath
io.ktor:ktor-events:3.2.3=compileClasspath,testCompileClasspath,testRuntimeClasspath
io.ktor:ktor-http-cio-jvm:3.2.3=compileClasspath,testCompileClasspath,testRuntimeClasspath
io.ktor:ktor-http-cio:3.2.3=compileClasspath,testCompileClasspath,testRuntimeClasspath
io.ktor:ktor-http-jvm:3.2.3=compileClasspath,testCompileClasspath,testRuntimeClasspath
io.ktor:ktor-http:3.2.3=compileClasspath,testCompileClasspath,testRuntimeClasspath
io.ktor:ktor-io-jvm:3.2.3=compileClasspath,testCompileClasspath,testRuntimeClasspath
io.ktor:ktor-io:3.2.3=compileClasspath,testCompileClasspath,testRuntimeClasspath
io.ktor:ktor-network-jvm:3.2.3=compileClasspath,testCompileClasspath,testRuntimeClasspath
io.ktor:ktor-network-tls-jvm:3.2.3=compileClasspath,testCompileClasspath,testRuntimeClasspath
io.ktor:ktor-network-tls:3.2.3=compileClasspath,testCompileClasspath,testRuntimeClasspath
io.ktor:ktor-network:3.2.3=compileClasspath,testCompileClasspath,testRuntimeClasspath
io.ktor:ktor-serialization-jvm:3.2.3=compileClasspath,testCompileClasspath,testRuntimeClasspath
io.ktor:ktor-serialization-kotlinx-json-jvm:3.2.3=compileClasspath,testCompileClasspath,testRuntimeClasspath
io.ktor:ktor-serialization-kotlinx-jvm:3.2.3=compileClasspath,testCompileClasspath,testRuntimeClasspath
io.ktor:ktor-serialization-kotlinx:3.2.3=compileClasspath,testCompileClasspath,testRuntimeClasspath
io.ktor:ktor-serialization:3.2.3=compileClasspath,testCompileClasspath,testRuntimeClasspath
io.ktor:ktor-sse-jvm:3.2.3=compileClasspath,testCompileClasspath,testRuntimeClasspath
io.ktor:ktor-sse:3.2.3=compileClasspath,testCompileClasspath,testRuntimeClasspath
io.ktor:ktor-utils-jvm:3.2.3=compileClasspath,testCompileClasspath,testRuntimeClasspath
io.ktor:ktor-utils:3.2.3=compileClasspath,testCompileClasspath,testRuntimeClasspath
io.ktor:ktor-websocket-serialization-jvm:3.2.3=compileClasspath,testCompileClasspath,testRuntimeClasspath
io.ktor:ktor-websocket-serialization:3.2.3=compileClasspath,testCompileClasspath,testRuntimeClasspath
io.ktor:ktor-websockets-jvm:3.2.3=compileClasspath,testCompileClasspath,testRuntimeClasspath
io.ktor:ktor-websockets:3.2.3=compileClasspath,testCompileClasspath,testRuntimeClasspath
io.micrometer:micrometer-commons:1.15.2=compileClasspath,testCompileClasspath,testRuntimeClasspath
io.micrometer:micrometer-core:1.15.2=compileClasspath,testCompileClasspath,testRuntimeClasspath
io.micrometer:micrometer-observation:1.15.2=compileClasspath,testCompileClasspath,testRuntimeClasspath
io.micrometer:micrometer-registry-prometheus:1.15.2=compileClasspath,testCompileClasspath,testRuntimeClasspath
io.prometheus:prometheus-metrics-config:1.3.10=compileClasspath,testCompileClasspath,testRuntimeClasspath
io.prometheus:prometheus-metrics-core:1.3.10=compileClasspath,testCompileClasspath,testRuntimeClasspath
io.prometheus:prometheus-metrics-exposition-formats:1.3.10=testRuntimeClasspath
io.prometheus:prometheus-metrics-exposition-textformats:1.3.10=testRuntimeClasspath
io.prometheus:prometheus-metrics-model:1.3.10=compileClasspath,testCompileClasspath,testRuntimeClasspath
io.prometheus:prometheus-metrics-tracer-common:1.3.10=compileClasspath,testCompileClasspath,testRuntimeClasspath
net.bytebuddy:byte-buddy-agent:1.10.9=testRuntimeClasspath
net.bytebuddy:byte-buddy:1.10.9=testRuntimeClasspath
net.java.dev.jna:jna-platform:5.9.0=testRuntimeClasspath
net.java.dev.jna:jna:5.9.0=testRuntimeClasspath
org.apiguardian:apiguardian-api:1.1.2=testCompileClasspath
org.ec4j.core:ec4j-core:1.1.1=ktlint,ktlintRuleset
org.hdrhistogram:HdrHistogram:2.2.2=testRuntimeClasspath
org.jetbrains.kotlin:kotlin-build-tools-api:2.2.0=kotlinBuildToolsApiClasspath
org.jetbrains.kotlin:kotlin-build-tools-impl:2.2.0=kotlinBuildToolsApiClasspath
org.jetbrains.kotlin:kotlin-compiler-embeddable:2.2.0=kotlinBuildToolsApiClasspath,kotlinCompilerClasspath,ktlint,ktlintRuleset
org.jetbrains.kotlin:kotlin-compiler-runner:2.2.0=kotlinBuildToolsApiClasspath
org.jetbrains.kotlin:kotlin-daemon-client:2.2.0=kotlinBuildToolsApiClasspath
org.jetbrains.kotlin:kotlin-daemon-embeddable:2.2.0=kotlinBuildToolsApiClasspath,kotlinCompilerClasspath,ktlint,ktlintRuleset
org.jetbrains.kotlin:kotlin-reflect:1.6.10=kotlinBuildToolsApiClasspath,kotlinCompilerClasspath,ktlint,ktlintRuleset
org.jetbrains.kotlin:kotlin-reflect:1.9.23=testRuntimeClasspath
org.jetbrains.kotlin:kotlin-script-runtime:2.2.0=kotlinBuildToolsApiClasspath,kotlinCompilerClasspath,kotlinCompilerPluginClasspathMain,kotlinCompilerPluginClasspathTest,ktlint,ktlintRuleset
org.jetbrains.kotlin:kotlin-scripting-common:2.2.0=kotlinBuildToolsApiClasspath,kotlinCompilerPluginClasspathMain,kotlinCompilerPluginClasspathTest
org.jetbrains.kotlin:kotlin-scripting-compiler-embeddable:2.2.0=kotlinBuildToolsApiClasspath,kotlinCompilerPluginClasspathMain,kotlinCompilerPluginClasspathTest
org.jetbrains.kotlin:kotlin-scripting-compiler-impl-embeddable:2.2.0=kotlinBuildToolsApiClasspath,kotlinCompilerPluginClasspathMain,kotlinCompilerPluginClasspathTest
org.jetbrains.kotlin:kotlin-scripting-jvm:2.2.0=kotlinBuildToolsApiClasspath,kotlinCompilerPluginClasspathMain,kotlinCompilerPluginClasspathTest
org.jetbrains.kotlin:kotlin-serialization-compiler-plugin-embeddable:2.2.0=kotlinCompilerPluginClasspathMain,kotlinCompilerPluginClasspathTest
org.jetbrains.kotlin:kotlin-stdlib-common:2.2.0=ktlintReporter
org.jetbrains.kotlin:kotlin-stdlib-jdk7:1.8.0=ktlintReporter
org.jetbrains.kotlin:kotlin-stdlib-jdk8:1.8.0=ktlintReporter
org.jetbrains.kotlin:kotlin-stdlib:2.2.0=compileClasspath,kotlinBuildToolsApiClasspath,kotlinCompilerClasspath,kotlinCompilerPluginClasspathMain,kotlinCompilerPluginClasspathTest,ktlint,ktlintReporter,ktlintRuleset,testCompileClasspath,testRuntimeClasspath
org.jetbrains.kotlinx:kotlinx-coroutines-bom:1.10.2=compileClasspath,testCompileClasspath,testRuntimeClasspath
org.jetbrains.kotlinx:kotlinx-coroutines-core-jvm:1.10.2=compileClasspath,testCompileClasspath,testRuntimeClasspath
org.jetbrains.kotlinx:kotlinx-coroutines-core-jvm:1.8.0=kotlinBuildToolsApiClasspath,kotlinCompilerClasspath,ktlint,ktlintRuleset
org.jetbrains.kotlinx:kotlinx-coroutines-core:1.10.2=compileClasspath,testCompileClasspath,testRuntimeClasspath
org.jetbrains.kotlinx:kotlinx-coroutines-debug:1.10.2=testRuntimeClasspath
org.jetbrains.kotlinx:kotlinx-coroutines-jdk8:1.10.2=testRuntimeClasspath
org.jetbrains.kotlinx:kotlinx-coroutines-slf4j:1.10.2=compileClasspath,testCompileClasspath,testRuntimeClasspath
org.jetbrains.kotlinx:kotlinx-coroutines-test-jvm:1.10.2=testCompileClasspath,testRuntimeClasspath
org.jetbrains.kotlinx:kotlinx-coroutines-test:1.10.2=testCompileClasspath,testRuntimeClasspath
org.jetbrains.kotlinx:kotlinx-io-bytestring-jvm:0.7.0=compileClasspath,testCompileClasspath,testRuntimeClasspath
org.jetbrains.kotlinx:kotlinx-io-bytestring:0.7.0=compileClasspath,testCompileClasspath,testRuntimeClasspath
org.jetbrains.kotlinx:kotlinx-io-core-jvm:0.7.0=compileClasspath,testCompileClasspath,testRuntimeClasspath
org.jetbrains.kotlinx:kotlinx-io-core:0.7.0=compileClasspath,testCompileClasspath,testRuntimeClasspath
org.jetbrains.kotlinx:kotlinx-serialization-bom:1.8.1=compileClasspath,testCompileClasspath,testRuntimeClasspath
org.jetbrains.kotlinx:kotlinx-serialization-core-jvm:1.4.1=ktlintReporter
org.jetbrains.kotlinx:kotlinx-serialization-core-jvm:1.8.1=compileClasspath,testCompileClasspath,testRuntimeClasspath
org.jetbrains.kotlinx:kotlinx-serialization-core:1.4.1=ktlintReporter
org.jetbrains.kotlinx:kotlinx-serialization-core:1.8.1=compileClasspath,testCompileClasspath,testRuntimeClasspath
org.jetbrains.kotlinx:kotlinx-serialization-json-io-jvm:1.8.1=compileClasspath,testCompileClasspath,testRuntimeClasspath
org.jetbrains.kotlinx:kotlinx-serialization-json-io:1.8.1=compileClasspath,testCompileClasspath,testRuntimeClasspath
org.jetbrains.kotlinx:kotlinx-serialization-json-jvm:1.4.1=ktlintReporter
org.jetbrains.kotlinx:kotlinx-serialization-json-jvm:1.8.1=compileClasspath,testCompileClasspath,testRuntimeClasspath
org.jetbrains.kotlinx:kotlinx-serialization-json:1.4.1=ktlintReporter
org.jetbrains.kotlinx:kotlinx-serialization-json:1.8.1=compileClasspath,testCompileClasspath,testRuntimeClasspath
org.jetbrains:annotations:13.0=kotlinBuildToolsApiClasspath,kotlinCompilerClasspath,kotlinCompilerPluginClasspathMain,kotlinCompilerPluginClasspathTest,ktlint,ktlintReporter,ktlintRuleset
org.jetbrains:annotations:23.0.0=compileClasspath,testCompileClasspath,testRuntimeClasspath
org.junit.jupiter:junit-jupiter-api:5.8.2=testCompileClasspath,testRuntimeClasspath
org.junit.platform:junit-platform-commons:1.8.2=testCompileClasspath,testRuntimeClasspath
org.junit.platform:junit-platform-engine:1.8.2=testCompileClasspath,testRuntimeClasspath
org.junit.platform:junit-platform-launcher:1.8.2=testCompileClasspath,testRuntimeClasspath
org.junit.platform:junit-platform-suite-api:1.8.2=testCompileClasspath,testRuntimeClasspath
org.junit:junit-bom:5.8.2=testCompileClasspath,testRuntimeClasspath
org.latencyutils:LatencyUtils:2.0.3=testRuntimeClasspath
org.opentest4j:opentest4j:1.2.0=testCompileClasspath
org.opentest4j:opentest4j:1.3.0=testRuntimeClasspath
org.slf4j:slf4j-api:2.0.17=compileClasspath,testCompileClasspath,testRuntimeClasspath
org.slf4j:slf4j-api:2.0.7=ktlint
empty=annotationProcessor,kotlinScriptDefExtensions,testAnnotationProcessor,testKotlinScriptDefExtensions
