# This is a Gradle generated file for dependency locking.
# Manual edits can break the build and are not advised.
# This file is expected to be part of source control.
ch.qos.logback:logback-classic:1.3.16=ktlint
ch.qos.logback:logback-core:1.3.16=ktlint
com.github.ajalt.clikt:clikt-jvm:5.0.3=ktlint
com.github.ajalt.clikt:clikt:5.0.3=ktlint
com.pinterest.ktlint:ktlint-cli-reporter-baseline:1.8.0=ktlint
com.pinterest.ktlint:ktlint-cli-reporter-checkstyle:1.8.0=ktlint
com.pinterest.ktlint:ktlint-cli-reporter-core:1.8.0=ktlint
com.pinterest.ktlint:ktlint-cli-reporter-format:1.8.0=ktlint
com.pinterest.ktlint:ktlint-cli-reporter-html:1.8.0=ktlint
com.pinterest.ktlint:ktlint-cli-reporter-json:1.8.0=ktlint
com.pinterest.ktlint:ktlint-cli-reporter-plain-summary:1.8.0=ktlint
com.pinterest.ktlint:ktlint-cli-reporter-plain:1.8.0=ktlint
com.pinterest.ktlint:ktlint-cli-reporter-sarif:1.8.0=ktlint
com.pinterest.ktlint:ktlint-cli-ruleset-core:1.8.0=ktlint
com.pinterest.ktlint:ktlint-cli:1.8.0=ktlint
com.pinterest.ktlint:ktlint-logger:1.8.0=ktlint
com.pinterest.ktlint:ktlint-rule-engine-core:1.8.0=ktlint
com.pinterest.ktlint:ktlint-rule-engine:1.8.0=ktlint
com.pinterest.ktlint:ktlint-ruleset-standard:1.8.0=ktlint
dev.drewhamilton.poko:poko-annotations-jvm:0.20.1=ktlint
dev.drewhamilton.poko:poko-annotations:0.20.1=ktlint
io.github.detekt.sarif4k:sarif4k-jvm:0.6.0=ktlint
io.github.detekt.sarif4k:sarif4k:0.6.0=ktlint
io.github.oshai:kotlin-logging-jvm:7.0.13=ktlint
io.github.oshai:kotlin-logging:5.1.0=ktlint
org.ec4j.core:ec4j-core:1.1.1=ktlint
org.jetbrains.kotlin:kotlin-compiler-embeddable:2.2.21=ktlint
org.jetbrains.kotlin:kotlin-daemon-embeddable:2.2.21=ktlint
org.jetbrains.kotlin:kotlin-reflect:1.6.10=ktlint
org.jetbrains.kotlin:kotlin-script-runtime:2.2.21=ktlint
org.jetbrains.kotlin:kotlin-stdlib:2.2.21=ktlint
org.jetbrains.kotlinx:kotlinx-coroutines-core-jvm:1.8.0=ktlint
org.jetbrains:annotations:13.0=ktlint
org.slf4j:slf4j-api:2.0.7=ktlint
empty=
