# This is a Gradle generated file for dependency locking.
# Manual edits can break the build and are not advised.
# This file is expected to be part of source control.
ch.qos.logback:logback-classic:1.3.16=ktlint
ch.qos.logback:logback-classic:1.5.31=runtimeClasspath,testRuntimeClasspath
ch.qos.logback:logback-core:1.3.16=ktlint
ch.qos.logback:logback-core:1.5.31=runtimeClasspath,testRuntimeClasspath
com.fasterxml.jackson.core:jackson-annotations:2.20=runtimeClasspath,testRuntimeClasspath
com.github.ajalt.clikt:clikt-jvm:5.0.3=ktlint
com.github.ajalt.clikt:clikt:5.0.3=ktlint
com.pinterest.ktlint:ktlint-cli-reporter-baseline:1.8.0=ktlint,ktlintBaselineReporter
com.pinterest.ktlint:ktlint-cli-reporter-checkstyle:1.8.0=ktlint
com.pinterest.ktlint:ktlint-cli-reporter-core:1.8.0=ktlint,ktlintBaselineReporter
com.pinterest.ktlint:ktlint-cli-reporter-format:1.8.0=ktlint
com.pinterest.ktlint:ktlint-cli-reporter-html:1.8.0=ktlint
com.pinterest.ktlint:ktlint-cli-reporter-json:1.8.0=ktlint
com.pinterest.ktlint:ktlint-cli-reporter-plain-summary:1.8.0=ktlint
com.pinterest.ktlint:ktlint-cli-reporter-plain:1.8.0=ktlint
com.pinterest.ktlint:ktlint-cli-reporter-sarif:1.8.0=ktlint
com.pinterest.ktlint:ktlint-cli-ruleset-core:1.8.0=ktlint,ktlintRuleset
com.pinterest.ktlint:ktlint-cli:1.8.0=ktlint
com.pinterest.ktlint:ktlint-logger:1.8.0=ktlint,ktlintBaselineReporter,ktlintRuleset
com.pinterest.ktlint:ktlint-rule-engine-core:1.8.0=ktlint,ktlintBaselineReporter,ktlintRuleset
com.pinterest.ktlint:ktlint-rule-engine:1.8.0=ktlint
com.pinterest.ktlint:ktlint-ruleset-standard:1.8.0=ktlint,ktlintRuleset
dev.drewhamilton.poko:poko-annotations-jvm:0.20.1=ktlint,ktlintBaselineReporter,ktlintRuleset
dev.drewhamilton.poko:poko-annotations:0.20.1=ktlint,ktlintBaselineReporter,ktlintRuleset
io.arrow-kt:arrow-annotations-jvm:2.2.1.1=compileClasspath,runtimeClasspath,testCompileClasspath,testRuntimeClasspath
io.arrow-kt:arrow-annotations:2.2.1.1=compileClasspath,runtimeClasspath,testCompileClasspath,testRuntimeClasspath
io.arrow-kt:arrow-atomic-jvm:2.2.1.1=compileClasspath,runtimeClasspath,testCompileClasspath,testRuntimeClasspath
io.arrow-kt:arrow-atomic:2.2.1.1=compileClasspath,runtimeClasspath,testCompileClasspath,testRuntimeClasspath
io.arrow-kt:arrow-core-jvm:2.2.1.1=compileClasspath,runtimeClasspath,testCompileClasspath,testRuntimeClasspath
io.arrow-kt:arrow-core-serialization-jvm:2.2.1.1=compileClasspath,runtimeClasspath,testCompileClasspath,testRuntimeClasspath
io.arrow-kt:arrow-core-serialization:2.2.1.1=compileClasspath,runtimeClasspath,testCompileClasspath,testRuntimeClasspath
io.arrow-kt:arrow-core:2.2.1.1=compileClasspath,runtimeClasspath,testCompileClasspath,testRuntimeClasspath
io.arrow-kt:arrow-exception-utils-jvm:2.2.1.1=compileClasspath,runtimeClasspath,testCompileClasspath,testRuntimeClasspath
io.arrow-kt:arrow-exception-utils:2.2.1.1=compileClasspath,runtimeClasspath,testCompileClasspath,testRuntimeClasspath
io.github.detekt.sarif4k:sarif4k-jvm:0.6.0=ktlint,ktlintReporter
io.github.detekt.sarif4k:sarif4k:0.6.0=ktlint,ktlintReporter
io.github.java-diff-utils:java-diff-utils:4.12=kotlinInternalAbiValidation
io.github.oshai:kotlin-logging-jvm:7.0.13=ktlint,ktlintBaselineReporter,ktlintReporter,ktlintRuleset
io.github.oshai:kotlin-logging:5.1.0=ktlint,ktlintBaselineReporter,ktlintReporter
io.ktor:ktor-client-cio-jvm:3.4.0=compileClasspath,runtimeClasspath,testCompileClasspath,testRuntimeClasspath
io.ktor:ktor-client-cio:3.4.0=compileClasspath,runtimeClasspath,testCompileClasspath,testRuntimeClasspath
io.ktor:ktor-client-content-negotiation-jvm:3.4.0=compileClasspath,runtimeClasspath,testCompileClasspath,testRuntimeClasspath
io.ktor:ktor-client-content-negotiation:3.4.0=compileClasspath,runtimeClasspath,testCompileClasspath,testRuntimeClasspath
io.ktor:ktor-client-core-jvm:3.4.0=compileClasspath,runtimeClasspath,testCompileClasspath,testRuntimeClasspath
io.ktor:ktor-client-core:3.4.0=compileClasspath,runtimeClasspath,testCompileClasspath,testRuntimeClasspath
io.ktor:ktor-client-logging-jvm:3.4.0=compileClasspath,runtimeClasspath,testCompileClasspath,testRuntimeClasspath
io.ktor:ktor-client-logging:3.4.0=compileClasspath,runtimeClasspath,testCompileClasspath,testRuntimeClasspath
io.ktor:ktor-events-jvm:3.4.0=compileClasspath,runtimeClasspath,testCompileClasspath,testRuntimeClasspath
io.ktor:ktor-events:3.4.0=compileClasspath,runtimeClasspath,testCompileClasspath,testRuntimeClasspath
io.ktor:ktor-http-cio-jvm:3.4.0=compileClasspath,runtimeClasspath,testCompileClasspath,testRuntimeClasspath
io.ktor:ktor-http-cio:3.4.0=compileClasspath,runtimeClasspath,testCompileClasspath,testRuntimeClasspath
io.ktor:ktor-http-jvm:3.4.0=compileClasspath,runtimeClasspath,testCompileClasspath,testRuntimeClasspath
io.ktor:ktor-http:3.4.0=compileClasspath,runtimeClasspath,testCompileClasspath,testRuntimeClasspath
io.ktor:ktor-io-jvm:3.4.0=compileClasspath,runtimeClasspath,testCompileClasspath,testRuntimeClasspath
io.ktor:ktor-io:3.4.0=compileClasspath,runtimeClasspath,testCompileClasspath,testRuntimeClasspath
io.ktor:ktor-network-jvm:3.4.0=compileClasspath,runtimeClasspath,testCompileClasspath,testRuntimeClasspath
io.ktor:ktor-network-tls-jvm:3.4.0=compileClasspath,runtimeClasspath,testCompileClasspath,testRuntimeClasspath
io.ktor:ktor-network-tls:3.4.0=compileClasspath,runtimeClasspath,testCompileClasspath,testRuntimeClasspath
io.ktor:ktor-network:3.4.0=compileClasspath,runtimeClasspath,testCompileClasspath,testRuntimeClasspath
io.ktor:ktor-serialization-jvm:3.4.0=compileClasspath,runtimeClasspath,testCompileClasspath,testRuntimeClasspath
io.ktor:ktor-serialization-kotlinx-json-jvm:3.4.0=compileClasspath,runtimeClasspath,testCompileClasspath,testRuntimeClasspath
io.ktor:ktor-serialization-kotlinx-jvm:3.4.0=compileClasspath,runtimeClasspath,testCompileClasspath,testRuntimeClasspath
io.ktor:ktor-serialization-kotlinx:3.4.0=compileClasspath,runtimeClasspath,testCompileClasspath,testRuntimeClasspath
io.ktor:ktor-serialization:3.4.0=compileClasspath,runtimeClasspath,testCompileClasspath,testRuntimeClasspath
io.ktor:ktor-sse-jvm:3.4.0=compileClasspath,runtimeClasspath,testCompileClasspath,testRuntimeClasspath
io.ktor:ktor-sse:3.4.0=compileClasspath,runtimeClasspath,testCompileClasspath,testRuntimeClasspath
io.ktor:ktor-utils-jvm:3.4.0=compileClasspath,runtimeClasspath,testCompileClasspath,testRuntimeClasspath
io.ktor:ktor-utils:3.4.0=compileClasspath,runtimeClasspath,testCompileClasspath,testRuntimeClasspath
io.ktor:ktor-websocket-serialization-jvm:3.4.0=compileClasspath,runtimeClasspath,testCompileClasspath,testRuntimeClasspath
io.ktor:ktor-websocket-serialization:3.4.0=compileClasspath,runtimeClasspath,testCompileClasspath,testRuntimeClasspath
io.ktor:ktor-websockets-jvm:3.4.0=compileClasspath,runtimeClasspath,testCompileClasspath,testRuntimeClasspath
io.ktor:ktor-websockets:3.4.0=compileClasspath,runtimeClasspath,testCompileClasspath,testRuntimeClasspath
io.micrometer:micrometer-commons:1.16.3=runtimeClasspath,testRuntimeClasspath
io.micrometer:micrometer-core:1.16.3=runtimeClasspath,testRuntimeClasspath
io.micrometer:micrometer-observation:1.16.3=runtimeClasspath,testRuntimeClasspath
io.micrometer:micrometer-registry-prometheus:1.16.3=runtimeClasspath,testRuntimeClasspath
io.prometheus:prometheus-metrics-config:1.4.3=runtimeClasspath,testRuntimeClasspath
io.prometheus:prometheus-metrics-core:1.4.3=runtimeClasspath,testRuntimeClasspath
io.prometheus:prometheus-metrics-exposition-formats:1.4.3=runtimeClasspath,testRuntimeClasspath
io.prometheus:prometheus-metrics-exposition-textformats:1.4.3=runtimeClasspath,testRuntimeClasspath
io.prometheus:prometheus-metrics-model:1.4.3=runtimeClasspath,testRuntimeClasspath
io.prometheus:prometheus-metrics-tracer-common:1.4.3=runtimeClasspath,testRuntimeClasspath
net.logstash.logback:logstash-logback-encoder:9.0=runtimeClasspath,testRuntimeClasspath
org.ec4j.core:ec4j-core:1.1.1=ktlint,ktlintBaselineReporter,ktlintRuleset
org.hdrhistogram:HdrHistogram:2.2.2=runtimeClasspath,testRuntimeClasspath
org.jetbrains.kotlin:abi-tools-api:2.3.10=kotlinInternalAbiValidation
org.jetbrains.kotlin:abi-tools:2.3.10=kotlinInternalAbiValidation
org.jetbrains.kotlin:kotlin-build-tools-api:2.3.10=kotlinBuildToolsApiClasspath
org.jetbrains.kotlin:kotlin-build-tools-compat:2.3.10=kotlinBuildToolsApiClasspath
org.jetbrains.kotlin:kotlin-build-tools-impl:2.3.10=kotlinBuildToolsApiClasspath
org.jetbrains.kotlin:kotlin-compiler-embeddable:2.2.21=ktlint,ktlintBaselineReporter,ktlintRuleset
org.jetbrains.kotlin:kotlin-compiler-embeddable:2.3.10=kotlinBuildToolsApiClasspath,kotlinCompilerClasspath,kotlinKlibCommonizerClasspath
org.jetbrains.kotlin:kotlin-compiler-runner:2.3.10=kotlinBuildToolsApiClasspath
org.jetbrains.kotlin:kotlin-daemon-client:2.3.10=kotlinBuildToolsApiClasspath
org.jetbrains.kotlin:kotlin-daemon-embeddable:2.2.21=ktlint,ktlintBaselineReporter,ktlintRuleset
org.jetbrains.kotlin:kotlin-daemon-embeddable:2.3.10=kotlinBuildToolsApiClasspath,kotlinCompilerClasspath,kotlinKlibCommonizerClasspath
org.jetbrains.kotlin:kotlin-klib-abi-reader:2.3.10=kotlinInternalAbiValidation
org.jetbrains.kotlin:kotlin-klib-commonizer-embeddable:2.3.10=kotlinKlibCommonizerClasspath
org.jetbrains.kotlin:kotlin-metadata-jvm:2.3.10=kotlinInternalAbiValidation
org.jetbrains.kotlin:kotlin-reflect:1.6.10=kotlinBuildToolsApiClasspath,kotlinCompilerClasspath,kotlinKlibCommonizerClasspath,ktlint,ktlintBaselineReporter,ktlintRuleset
org.jetbrains.kotlin:kotlin-reflect:2.3.10=runtimeClasspath,testRuntimeClasspath
org.jetbrains.kotlin:kotlin-script-runtime:2.2.21=ktlint,ktlintBaselineReporter,ktlintRuleset
org.jetbrains.kotlin:kotlin-script-runtime:2.3.10=kotlinBuildToolsApiClasspath,kotlinCompilerClasspath,kotlinCompilerPluginClasspathMain,kotlinCompilerPluginClasspathTest,kotlinKlibCommonizerClasspath
org.jetbrains.kotlin:kotlin-scripting-common:2.3.10=kotlinCompilerPluginClasspathMain,kotlinCompilerPluginClasspathTest
org.jetbrains.kotlin:kotlin-scripting-compiler-embeddable:2.3.10=kotlinCompilerPluginClasspathMain,kotlinCompilerPluginClasspathTest
org.jetbrains.kotlin:kotlin-scripting-compiler-impl-embeddable:2.3.10=kotlinCompilerPluginClasspathMain,kotlinCompilerPluginClasspathTest
org.jetbrains.kotlin:kotlin-scripting-jvm:2.3.10=kotlinCompilerPluginClasspathMain,kotlinCompilerPluginClasspathTest
org.jetbrains.kotlin:kotlin-serialization-compiler-plugin-embeddable:2.3.10=kotlinCompilerPluginClasspathMain,kotlinCompilerPluginClasspathTest
org.jetbrains.kotlin:kotlin-stdlib-common:2.2.21=ktlintReporter
org.jetbrains.kotlin:kotlin-stdlib-jdk7:1.8.0=ktlintReporter
org.jetbrains.kotlin:kotlin-stdlib-jdk8:1.8.0=ktlintReporter
org.jetbrains.kotlin:kotlin-stdlib:2.2.21=ktlint,ktlintBaselineReporter,ktlintReporter,ktlintRuleset
org.jetbrains.kotlin:kotlin-stdlib:2.3.10=compileClasspath,kotlinBuildToolsApiClasspath,kotlinCompilerClasspath,kotlinCompilerPluginClasspathMain,kotlinCompilerPluginClasspathTest,kotlinInternalAbiValidation,kotlinKlibCommonizerClasspath,runtimeClasspath,testCompileClasspath,testRuntimeClasspath
org.jetbrains.kotlin:kotlin-tooling-core:2.3.10=kotlinBuildToolsApiClasspath
org.jetbrains.kotlinx:kotlinx-coroutines-bom:1.10.2=compileClasspath,runtimeClasspath,testCompileClasspath,testRuntimeClasspath
org.jetbrains.kotlinx:kotlinx-coroutines-core-jvm:1.10.2=compileClasspath,runtimeClasspath,testCompileClasspath,testRuntimeClasspath
org.jetbrains.kotlinx:kotlinx-coroutines-core-jvm:1.8.0=kotlinBuildToolsApiClasspath,kotlinCompilerClasspath,kotlinKlibCommonizerClasspath,ktlint,ktlintBaselineReporter,ktlintRuleset
org.jetbrains.kotlinx:kotlinx-coroutines-core:1.10.2=compileClasspath,runtimeClasspath,testCompileClasspath,testRuntimeClasspath
org.jetbrains.kotlinx:kotlinx-coroutines-slf4j:1.10.2=compileClasspath,runtimeClasspath,testCompileClasspath,testRuntimeClasspath
org.jetbrains.kotlinx:kotlinx-io-bytestring-jvm:0.8.2=compileClasspath,runtimeClasspath,testCompileClasspath,testRuntimeClasspath
org.jetbrains.kotlinx:kotlinx-io-bytestring:0.8.2=compileClasspath,runtimeClasspath,testCompileClasspath,testRuntimeClasspath
org.jetbrains.kotlinx:kotlinx-io-core-jvm:0.8.2=compileClasspath,runtimeClasspath,testCompileClasspath,testRuntimeClasspath
org.jetbrains.kotlinx:kotlinx-io-core:0.8.2=compileClasspath,runtimeClasspath,testCompileClasspath,testRuntimeClasspath
org.jetbrains.kotlinx:kotlinx-serialization-bom:1.10.0=runtimeClasspath,testRuntimeClasspath
org.jetbrains.kotlinx:kotlinx-serialization-bom:1.9.0=compileClasspath,testCompileClasspath
org.jetbrains.kotlinx:kotlinx-serialization-core-jvm:1.10.0=runtimeClasspath,testRuntimeClasspath
org.jetbrains.kotlinx:kotlinx-serialization-core-jvm:1.4.1=ktlintReporter
org.jetbrains.kotlinx:kotlinx-serialization-core-jvm:1.9.0=compileClasspath,testCompileClasspath
org.jetbrains.kotlinx:kotlinx-serialization-core:1.10.0=runtimeClasspath,testRuntimeClasspath
org.jetbrains.kotlinx:kotlinx-serialization-core:1.4.1=ktlintReporter
org.jetbrains.kotlinx:kotlinx-serialization-core:1.9.0=compileClasspath,testCompileClasspath
org.jetbrains.kotlinx:kotlinx-serialization-json-io-jvm:1.10.0=runtimeClasspath,testRuntimeClasspath
org.jetbrains.kotlinx:kotlinx-serialization-json-io-jvm:1.9.0=compileClasspath,testCompileClasspath
org.jetbrains.kotlinx:kotlinx-serialization-json-io:1.10.0=runtimeClasspath,testRuntimeClasspath
org.jetbrains.kotlinx:kotlinx-serialization-json-io:1.9.0=compileClasspath,testCompileClasspath
org.jetbrains.kotlinx:kotlinx-serialization-json-jvm:1.10.0=runtimeClasspath,testRuntimeClasspath
org.jetbrains.kotlinx:kotlinx-serialization-json-jvm:1.4.1=ktlintReporter
org.jetbrains.kotlinx:kotlinx-serialization-json-jvm:1.9.0=compileClasspath,testCompileClasspath
org.jetbrains.kotlinx:kotlinx-serialization-json:1.10.0=runtimeClasspath,testRuntimeClasspath
org.jetbrains.kotlinx:kotlinx-serialization-json:1.4.1=ktlintReporter
org.jetbrains.kotlinx:kotlinx-serialization-json:1.9.0=compileClasspath,testCompileClasspath
org.jetbrains:annotations:13.0=kotlinBuildToolsApiClasspath,kotlinCompilerClasspath,kotlinCompilerPluginClasspathMain,kotlinCompilerPluginClasspathTest,kotlinInternalAbiValidation,kotlinKlibCommonizerClasspath,ktlint,ktlintBaselineReporter,ktlintReporter,ktlintRuleset
org.jetbrains:annotations:23.0.0=compileClasspath,runtimeClasspath,testCompileClasspath,testRuntimeClasspath
org.jspecify:jspecify:1.0.0=runtimeClasspath,testRuntimeClasspath
org.latencyutils:LatencyUtils:2.0.3=runtimeClasspath,testRuntimeClasspath
org.slf4j:slf4j-api:2.0.17=compileClasspath,runtimeClasspath,testCompileClasspath,testRuntimeClasspath
org.slf4j:slf4j-api:2.0.7=ktlint
tools.jackson.core:jackson-core:3.0.1=runtimeClasspath,testRuntimeClasspath
tools.jackson.core:jackson-databind:3.0.1=runtimeClasspath,testRuntimeClasspath
tools.jackson:jackson-bom:3.0.1=runtimeClasspath,testRuntimeClasspath
empty=annotationProcessor,implementationDependenciesMetadata,kotlinCompilerPluginClasspath,kotlinNativeCompilerPluginClasspath,kotlinScriptDefExtensions,testAnnotationProcessor,testImplementationDependenciesMetadata,testKotlinScriptDefExtensions
